
Microsoft Visual Studio Solution File, Format Version 12.00
# Visual Studio Version 16
VisualStudioVersion = 16.0.29201.188
MinimumVisualStudioVersion = 10.0.40219.1
Project("{FAE04EC0-301F-11D3-BF4B-00C04F79EFBC}") = "SalesWebMvc", "SalesWebMvc.csproj", "{D4E02DFF-312C-40F4-B101-BCE9E425B41B}"
EndProject
Global
	GlobalSection(SolutionConfigurationPlatforms) = preSolution
		Debug|Any CPU = Debug|Any CPU
		Release|Any CPU = Release|Any CPU
	EndGlobalSection
	GlobalSection(ProjectConfigurationPlatforms) = postSolution
		{D4E02DFF-312C-40F4-B101-BCE9E425B41B}.Debug|Any CPU.ActiveCfg = Debug|Any CPU
		{D4E02DFF-312C-40F4-B101-BCE9E425B41B}.Debug|Any CPU.Build.0 = Debug|Any CPU
		{D4E02DFF-312C-40F4-B101-BCE9E425B41B}.Release|Any CPU.ActiveCfg = Release|Any CPU
		{D4E02DFF-312C-40F4-B101-BCE9E425B41B}.Release|Any CPU.Build.0 = Release|Any CPU
	EndGlobalSection
	GlobalSection(SolutionProperties) = preSolution
		HideSolutionNode = FALSE
	EndGlobalSection
	GlobalSection(ExtensibilityGlobals) = postSolution
		SolutionGuid = {5782C518-4AE2-4177-8B62-BBE5A2AD2433}
	EndGlobalSection
EndGlobal
